// !$*UTF8*$!
{
	archiveVersion = 1;
	classes = {
	};
	objectVersion = 46;
	objects = {

/* Begin PBXBuildFile section */
		2E0AFA161CDB075F00B7973B /* main.m in Sources */ = {isa = PBXBuildFile; fileRef = 2E0AFA151CDB075F00B7973B /* main.m */; };
		2E0AFA191CDB075F00B7973B /* AppDelegate.m in Sources */ = {isa = PBXBuildFile; fileRef = 2E0AFA181CDB075F00B7973B /* AppDelegate.m */; };
		2E0AFA1F1CDB075F00B7973B /* Main.storyboard in Resources */ = {isa = PBXBuildFile; fileRef = 2E0AFA1D1CDB075F00B7973B /* Main.storyboard */; };
		2E0AFA211CDB075F00B7973B /* Assets.xcassets in Resources */ = {isa = PBXBuildFile; fileRef = 2E0AFA201CDB075F00B7973B /* Assets.xcassets */; };
		2E0AFA241CDB075F00B7973B /* LaunchScreen.storyboard in Resources */ = {isa = PBXBuildFile; fileRef = 2E0AFA221CDB075F00B7973B /* LaunchScreen.storyboard */; };
		2E0AFA2F1CDB076000B7973B /* CollectionViewTestTests.m in Sources */ = {isa = PBXBuildFile; fileRef = 2E0AFA2E1CDB076000B7973B /* CollectionViewTestTests.m */; };
		2E63EE791CE07BC90057EF09 /* RecipeCollectionViewController.m in Sources */ = {isa = PBXBuildFile; fileRef = 2E63EE781CE07BC90057EF09 /* RecipeCollectionViewController.m */; };
		2E63EEAD1CE087350057EF09 /* creme_brelee.jpg in Resources */ = {isa = PBXBuildFile; fileRef = 2E63EE9E1CE087350057EF09 /* creme_brelee.jpg */; };
		2E63EEAE1CE087350057EF09 /* egg_benedict.jpg in Resources */ = {isa = PBXBuildFile; fileRef = 2E63EE9F1CE087350057EF09 /* egg_benedict.jpg */; };
		2E63EEAF1CE087350057EF09 /* full_breakfast.jpg in Resources */ = {isa = PBXBuildFile; fileRef = 2E63EEA01CE087350057EF09 /* full_breakfast.jpg */; };
		2E63EEB01CE087350057EF09 /* green_tea.jpg in Resources */ = {isa = PBXBuildFile; fileRef = 2E63EEA11CE087350057EF09 /* green_tea.jpg */; };
		2E63EEB11CE087350057EF09 /* ham_and_cheese_panini.jpg in Resources */ = {isa = PBXBuildFile; fileRef = 2E63EEA21CE087350057EF09 /* ham_and_cheese_panini.jpg */; };
		2E63EEB21CE087350057EF09 /* ham_and_egg_sandwich.jpg in Resources */ = {isa = PBXBuildFile; fileRef = 2E63EEA31CE087350057EF09 /* ham_and_egg_sandwich.jpg */; };
		2E63EEB31CE087350057EF09 /* hamburger.jpg in Resources */ = {isa = PBXBuildFile; fileRef = 2E63EEA41CE087350057EF09 /* hamburger.jpg */; };
		2E63EEB41CE087350057EF09 /* instant_noodle_with_egg.jpg in Resources */ = {isa = PBXBuildFile; fileRef = 2E63EEA51CE087350057EF09 /* instant_noodle_with_egg.jpg */; };
		2E63EEB51CE087350057EF09 /* japanese_noodle_with_pork.jpg in Resources */ = {isa = PBXBuildFile; fileRef = 2E63EEA61CE087350057EF09 /* japanese_noodle_with_pork.jpg */; };
		2E63EEB61CE087350057EF09 /* mushroom_risotto.jpg in Resources */ = {isa = PBXBuildFile; fileRef = 2E63EEA71CE087350057EF09 /* mushroom_risotto.jpg */; };
		2E63EEB71CE087350057EF09 /* noodle_with_bbq_pork.jpg in Resources */ = {isa = PBXBuildFile; fileRef = 2E63EEA81CE087350057EF09 /* noodle_with_bbq_pork.jpg */; };
		2E63EEB81CE087350057EF09 /* starbucks_coffee.jpg in Resources */ = {isa = PBXBuildFile; fileRef = 2E63EEA91CE087350057EF09 /* starbucks_coffee.jpg */; };
		2E63EEB91CE087350057EF09 /* thai_shrimp_cake.jpg in Resources */ = {isa = PBXBuildFile; fileRef = 2E63EEAA1CE087350057EF09 /* thai_shrimp_cake.jpg */; };
		2E63EEBA1CE087350057EF09 /* vegetable_curry.jpg in Resources */ = {isa = PBXBuildFile; fileRef = 2E63EEAB1CE087350057EF09 /* vegetable_curry.jpg */; };
		2E63EEBB1CE087350057EF09 /* white_chocolate_donut.jpg in Resources */ = {isa = PBXBuildFile; fileRef = 2E63EEAC1CE087350057EF09 /* white_chocolate_donut.jpg */; };
		2E63EEBD1CE08B8B0057EF09 /* photo-frame.png in Resources */ = {isa = PBXBuildFile; fileRef = 2E63EEBC1CE08B8B0057EF09 /* photo-frame.png */; };
		2E63EEC11CE090090057EF09 /* RecipeCollectionViewCell.m in Sources */ = {isa = PBXBuildFile; fileRef = 2E63EEBF1CE090090057EF09 /* RecipeCollectionViewCell.m */; };
		2E63EEC21CE090090057EF09 /* RecipeCollectionViewCell.xib in Resources */ = {isa = PBXBuildFile; fileRef = 2E63EEC01CE090090057EF09 /* RecipeCollectionViewCell.xib */; };
		2E63EEC61CE180440057EF09 /* RecipeDetailViewController.m in Sources */ = {isa = PBXBuildFile; fileRef = 2E63EEC41CE180440057EF09 /* RecipeDetailViewController.m */; };
		2E63EEC71CE180440057EF09 /* RecipeDetailViewController.xib in Resources */ = {isa = PBXBuildFile; fileRef = 2E63EEC51CE180440057EF09 /* RecipeDetailViewController.xib */; };
/* End PBXBuildFile section */

/* Begin PBXContainerItemProxy section */
		2E0AFA2B1CDB076000B7973B /* PBXContainerItemProxy */ = {
			isa = PBXContainerItemProxy;
			containerPortal = 2E0AFA091CDB075E00B7973B /* Project object */;
			proxyType = 1;
			remoteGlobalIDString = 2E0AFA101CDB075E00B7973B;
			remoteInfo = CollectionViewTest;
		};
/* End PBXContainerItemProxy section */

/* Begin PBXFileReference section */
		2E0AFA111CDB075F00B7973B /* CollectionViewTest.app */ = {isa = PBXFileReference; explicitFileType = wrapper.application; includeInIndex = 0; path = CollectionViewTest.app; sourceTree = BUILT_PRODUCTS_DIR; };
		2E0AFA151CDB075F00B7973B /* main.m */ = {isa = PBXFileReference; lastKnownFileType = sourcecode.c.objc; path = main.m; sourceTree = "<group>"; };
		2E0AFA171CDB075F00B7973B /* AppDelegate.h */ = {isa = PBXFileReference; lastKnownFileType = sourcecode.c.h; path = AppDelegate.h; sourceTree = "<group>"; };
		2E0AFA181CDB075F00B7973B /* AppDelegate.m */ = {isa = PBXFileReference; lastKnownFileType = sourcecode.c.objc; path = AppDelegate.m; sourceTree = "<group>"; };
		2E0AFA1E1CDB075F00B7973B /* Base */ = {isa = PBXFileReference; lastKnownFileType = file.storyboard; name = Base; path = Base.lproj/Main.storyboard; sourceTree = "<group>"; };
		2E0AFA201CDB075F00B7973B /* Assets.xcassets */ = {isa = PBXFileReference; lastKnownFileType = folder.assetcatalog; path = Assets.xcassets; sourceTree = "<group>"; };
		2E0AFA231CDB075F00B7973B /* Base */ = {isa = PBXFileReference; lastKnownFileType = file.storyboard; name = Base; path = Base.lproj/LaunchScreen.storyboard; sourceTree = "<group>"; };
		2E0AFA251CDB075F00B7973B /* Info.plist */ = {isa = PBXFileReference; lastKnownFileType = text.plist.xml; path = Info.plist; sourceTree = "<group>"; };
		2E0AFA2A1CDB076000B7973B /* CollectionViewTestTests.xctest */ = {isa = PBXFileReference; explicitFileType = wrapper.cfbundle; includeInIndex = 0; path = CollectionViewTestTests.xctest; sourceTree = BUILT_PRODUCTS_DIR; };
		2E0AFA2E1CDB076000B7973B /* CollectionViewTestTests.m */ = {isa = PBXFileReference; lastKnownFileType = sourcecode.c.objc; path = CollectionViewTestTests.m; sourceTree = "<group>"; };
		2E0AFA301CDB076000B7973B /* Info.plist */ = {isa = PBXFileReference; lastKnownFileType = text.plist.xml; path = Info.plist; sourceTree = "<group>"; };
		2E63EE771CE07BC90057EF09 /* RecipeCollectionViewController.h */ = {isa = PBXFileReference; fileEncoding = 4; lastKnownFileType = sourcecode.c.h; path = RecipeCollectionViewController.h; sourceTree = "<group>"; };
		2E63EE781CE07BC90057EF09 /* RecipeCollectionViewController.m */ = {isa = PBXFileReference; fileEncoding = 4; lastKnownFileType = sourcecode.c.objc; path = RecipeCollectionViewController.m; sourceTree = "<group>"; };
		2E63EE9E1CE087350057EF09 /* creme_brelee.jpg */ = {isa = PBXFileReference; lastKnownFileType = image.jpeg; path = creme_brelee.jpg; sourceTree = "<group>"; };
		2E63EE9F1CE087350057EF09 /* egg_benedict.jpg */ = {isa = PBXFileReference; lastKnownFileType = image.jpeg; path = egg_benedict.jpg; sourceTree = "<group>"; };
		2E63EEA01CE087350057EF09 /* full_breakfast.jpg */ = {isa = PBXFileReference; lastKnownFileType = image.jpeg; path = full_breakfast.jpg; sourceTree = "<group>"; };
		2E63EEA11CE087350057EF09 /* green_tea.jpg */ = {isa = PBXFileReference; lastKnownFileType = image.jpeg; path = green_tea.jpg; sourceTree = "<group>"; };
		2E63EEA21CE087350057EF09 /* ham_and_cheese_panini.jpg */ = {isa = PBXFileReference; lastKnownFileType = image.jpeg; path = ham_and_cheese_panini.jpg; sourceTree = "<group>"; };
		2E63EEA31CE087350057EF09 /* ham_and_egg_sandwich.jpg */ = {isa = PBXFileReference; lastKnownFileType = image.jpeg; path = ham_and_egg_sandwich.jpg; sourceTree = "<group>"; };
		2E63EEA41CE087350057EF09 /* hamburger.jpg */ = {isa = PBXFileReference; lastKnownFileType = image.jpeg; path = hamburger.jpg; sourceTree = "<group>"; };
		2E63EEA51CE087350057EF09 /* instant_noodle_with_egg.jpg */ = {isa = PBXFileReference; lastKnownFileType = image.jpeg; path = instant_noodle_with_egg.jpg; sourceTree = "<group>"; };
		2E63EEA61CE087350057EF09 /* japanese_noodle_with_pork.jpg */ = {isa = PBXFileReference; lastKnownFileType = image.jpeg; path = japanese_noodle_with_pork.jpg; sourceTree = "<group>"; };
		2E63EEA71CE087350057EF09 /* mushroom_risotto.jpg */ = {isa = PBXFileReference; lastKnownFileType = image.jpeg; path = mushroom_risotto.jpg; sourceTree = "<group>"; };
		2E63EEA81CE087350057EF09 /* noodle_with_bbq_pork.jpg */ = {isa = PBXFileReference; lastKnownFileType = image.jpeg; path = noodle_with_bbq_pork.jpg; sourceTree = "<group>"; };
		2E63EEA91CE087350057EF09 /* starbucks_coffee.jpg */ = {isa = PBXFileReference; lastKnownFileType = image.jpeg; path = starbucks_coffee.jpg; sourceTree = "<group>"; };
		2E63EEAA1CE087350057EF09 /* thai_shrimp_cake.jpg */ = {isa = PBXFileReference; lastKnownFileType = image.jpeg; path = thai_shrimp_cake.jpg; sourceTree = "<group>"; };
		2E63EEAB1CE087350057EF09 /* vegetable_curry.jpg */ = {isa = PBXFileReference; lastKnownFileType = image.jpeg; path = vegetable_curry.jpg; sourceTree = "<group>"; };
		2E63EEAC1CE087350057EF09 /* white_chocolate_donut.jpg */ = {isa = PBXFileReference; lastKnownFileType = image.jpeg; path = white_chocolate_donut.jpg; sourceTree = "<group>"; };
		2E63EEBC1CE08B8B0057EF09 /* photo-frame.png */ = {isa = PBXFileReference; lastKnownFileType = image.png; path = "photo-frame.png"; sourceTree = "<group>"; };
		2E63EEBE1CE090090057EF09 /* RecipeCollectionViewCell.h */ = {isa = PBXFileReference; fileEncoding = 4; lastKnownFileType = sourcecode.c.h; path = RecipeCollectionViewCell.h; sourceTree = "<group>"; };
		2E63EEBF1CE090090057EF09 /* RecipeCollectionViewCell.m */ = {isa = PBXFileReference; fileEncoding = 4; lastKnownFileType = sourcecode.c.objc; path = RecipeCollectionViewCell.m; sourceTree = "<group>"; };
		2E63EEC01CE090090057EF09 /* RecipeCollectionViewCell.xib */ = {isa = PBXFileReference; fileEncoding = 4; lastKnownFileType = file.xib; path = RecipeCollectionViewCell.xib; sourceTree = "<group>"; };
		2E63EEC31CE180440057EF09 /* RecipeDetailViewController.h */ = {isa = PBXFileReference; fileEncoding = 4; lastKnownFileType = sourcecode.c.h; path = RecipeDetailViewController.h; sourceTree = "<group>"; };
		2E63EEC41CE180440057EF09 /* RecipeDetailViewController.m */ = {isa = PBXFileReference; fileEncoding = 4; lastKnownFileType = sourcecode.c.objc; path = RecipeDetailViewController.m; sourceTree = "<group>"; };
		2E63EEC51CE180440057EF09 /* RecipeDetailViewController.xib */ = {isa = PBXFileReference; fileEncoding = 4; lastKnownFileType = file.xib; path = RecipeDetailViewController.xib; sourceTree = "<group>"; };
/* End PBXFileReference section */

/* Begin PBXFrameworksBuildPhase section */
		2E0AFA0E1CDB075E00B7973B /* Frameworks */ = {
			isa = PBXFrameworksBuildPhase;
			buildActionMask = 2147483647;
			files = (
			);
			runOnlyForDeploymentPostprocessing = 0;
		};
		2E0AFA271CDB076000B7973B /* Frameworks */ = {
			isa = PBXFrameworksBuildPhase;
			buildActionMask = 2147483647;
			files = (
			);
			runOnlyForDeploymentPostprocessing = 0;
		};
/* End PBXFrameworksBuildPhase section */

/* Begin PBXGroup section */
		2E0AFA081CDB075E00B7973B = {
			isa = PBXGroup;
			children = (
				2E0AFA131CDB075F00B7973B /* CollectionViewTest */,
				2E0AFA2D1CDB076000B7973B /* CollectionViewTestTests */,
				2E0AFA121CDB075F00B7973B /* Products */,
			);
			sourceTree = "<group>";
		};
		2E0AFA121CDB075F00B7973B /* Products */ = {
			isa = PBXGroup;
			children = (
				2E0AFA111CDB075F00B7973B /* CollectionViewTest.app */,
				2E0AFA2A1CDB076000B7973B /* CollectionViewTestTests.xctest */,
			);
			name = Products;
			sourceTree = "<group>";
		};
		2E0AFA131CDB075F00B7973B /* CollectionViewTest */ = {
			isa = PBXGroup;
			children = (
				2E63EEBC1CE08B8B0057EF09 /* photo-frame.png */,
				2E63EE9E1CE087350057EF09 /* creme_brelee.jpg */,
				2E63EE9F1CE087350057EF09 /* egg_benedict.jpg */,
				2E63EEA01CE087350057EF09 /* full_breakfast.jpg */,
				2E63EEA11CE087350057EF09 /* green_tea.jpg */,
				2E63EEA21CE087350057EF09 /* ham_and_cheese_panini.jpg */,
				2E63EEA31CE087350057EF09 /* ham_and_egg_sandwich.jpg */,
				2E63EEA41CE087350057EF09 /* hamburger.jpg */,
				2E63EEA51CE087350057EF09 /* instant_noodle_with_egg.jpg */,
				2E63EEA61CE087350057EF09 /* japanese_noodle_with_pork.jpg */,
				2E63EEA71CE087350057EF09 /* mushroom_risotto.jpg */,
				2E63EEA81CE087350057EF09 /* noodle_with_bbq_pork.jpg */,
				2E63EEA91CE087350057EF09 /* starbucks_coffee.jpg */,
				2E63EEAA1CE087350057EF09 /* thai_shrimp_cake.jpg */,
				2E63EEAB1CE087350057EF09 /* vegetable_curry.jpg */,
				2E63EEAC1CE087350057EF09 /* white_chocolate_donut.jpg */,
				2E0AFA171CDB075F00B7973B /* AppDelegate.h */,
				2E0AFA181CDB075F00B7973B /* AppDelegate.m */,
				2E0AFA1D1CDB075F00B7973B /* Main.storyboard */,
				2E0AFA201CDB075F00B7973B /* Assets.xcassets */,
				2E0AFA221CDB075F00B7973B /* LaunchScreen.storyboard */,
				2E0AFA251CDB075F00B7973B /* Info.plist */,
				2E0AFA141CDB075F00B7973B /* Supporting Files */,
				2E63EE771CE07BC90057EF09 /* RecipeCollectionViewController.h */,
				2E63EE781CE07BC90057EF09 /* RecipeCollectionViewController.m */,
				2E63EEBE1CE090090057EF09 /* RecipeCollectionViewCell.h */,
				2E63EEBF1CE090090057EF09 /* RecipeCollectionViewCell.m */,
				2E63EEC01CE090090057EF09 /* RecipeCollectionViewCell.xib */,
				2E63EEC31CE180440057EF09 /* RecipeDetailViewController.h */,
				2E63EEC41CE180440057EF09 /* RecipeDetailViewController.m */,
				2E63EEC51CE180440057EF09 /* RecipeDetailViewController.xib */,
			);
			path = CollectionViewTest;
			sourceTree = "<group>";
		};
		2E0AFA141CDB075F00B7973B /* Supporting Files */ = {
			isa = PBXGroup;
			children = (
				2E0AFA151CDB075F00B7973B /* main.m */,
			);
			name = "Supporting Files";
			sourceTree = "<group>";
		};
		2E0AFA2D1CDB076000B7973B /* CollectionViewTestTests */ = {
			isa = PBXGroup;
			children = (
				2E0AFA2E1CDB076000B7973B /* CollectionViewTestTests.m */,
				2E0AFA301CDB076000B7973B /* Info.plist */,
			);
			path = CollectionViewTestTests;
			sourceTree = "<group>";
		};
/* End PBXGroup section */

/* Begin PBXNativeTarget section */
		2E0AFA101CDB075E00B7973B /* CollectionViewTest */ = {
			isa = PBXNativeTarget;
			buildConfigurationList = 2E0AFA331CDB076000B7973B /* Build configuration list for PBXNativeTarget "CollectionViewTest" */;
			buildPhases = (
				2E0AFA0D1CDB075E00B7973B /* Sources */,
				2E0AFA0E1CDB075E00B7973B /* Frameworks */,
				2E0AFA0F1CDB075E00B7973B /* Resources */,
			);
			buildRules = (
			);
			dependencies = (
			);
			name = CollectionViewTest;
			productName = CollectionViewTest;
			productReference = 2E0AFA111CDB075F00B7973B /* CollectionViewTest.app */;
			productType = "com.apple.product-type.application";
		};
		2E0AFA291CDB076000B7973B /* CollectionViewTestTests */ = {
			isa = PBXNativeTarget;
			buildConfigurationList = 2E0AFA361CDB076000B7973B /* Build configuration list for PBXNativeTarget "CollectionViewTestTests" */;
			buildPhases = (
				2E0AFA261CDB076000B7973B /* Sources */,
				2E0AFA271CDB076000B7973B /* Frameworks */,
				2E0AFA281CDB076000B7973B /* Resources */,
			);
			buildRules = (
			);
			dependencies = (
				2E0AFA2C1CDB076000B7973B /* PBXTargetDependency */,
			);
			name = CollectionViewTestTests;
			productName = CollectionViewTestTests;
			productReference = 2E0AFA2A1CDB076000B7973B /* CollectionViewTestTests.xctest */;
			productType = "com.apple.product-type.bundle.unit-test";
		};
/* End PBXNativeTarget section */

/* Begin PBXProject section */
		2E0AFA091CDB075E00B7973B /* Project object */ = {
			isa = PBXProject;
			attributes = {
				LastUpgradeCheck = 0720;
				ORGANIZATIONNAME = "Trung Võ";
				TargetAttributes = {
					2E0AFA101CDB075E00B7973B = {
						CreatedOnToolsVersion = 7.2;
					};
					2E0AFA291CDB076000B7973B = {
						CreatedOnToolsVersion = 7.2;
						TestTargetID = 2E0AFA101CDB075E00B7973B;
					};
				};
			};
			buildConfigurationList = 2E0AFA0C1CDB075E00B7973B /* Build configuration list for PBXProject "CollectionViewTest" */;
			compatibilityVersion = "Xcode 3.2";
			developmentRegion = English;
			hasScannedForEncodings = 0;
			knownRegions = (
				en,
				Base,
			);
			mainGroup = 2E0AFA081CDB075E00B7973B;
			productRefGroup = 2E0AFA121CDB075F00B7973B /* Products */;
			projectDirPath = "";
			projectRoot = "";
			targets = (
				2E0AFA101CDB075E00B7973B /* CollectionViewTest */,
				2E0AFA291CDB076000B7973B /* CollectionViewTestTests */,
			);
		};
/* End PBXProject section */

/* Begin PBXResourcesBuildPhase section */
		2E0AFA0F1CDB075E00B7973B /* Resources */ = {
			isa = PBXResourcesBuildPhase;
			buildActionMask = 2147483647;
			files = (
				2E63EEC21CE090090057EF09 /* RecipeCollectionViewCell.xib in Resources */,
				2E63EEB81CE087350057EF09 /* starbucks_coffee.jpg in Resources */,
				2E63EEB01CE087350057EF09 /* green_tea.jpg in Resources */,
				2E0AFA241CDB075F00B7973B /* LaunchScreen.storyboard in Resources */,
				2E63EEB71CE087350057EF09 /* noodle_with_bbq_pork.jpg in Resources */,
				2E63EEB11CE087350057EF09 /* ham_and_cheese_panini.jpg in Resources */,
				2E63EEB41CE087350057EF09 /* instant_noodle_with_egg.jpg in Resources */,
				2E63EEC71CE180440057EF09 /* RecipeDetailViewController.xib in Resources */,
				2E63EEAE1CE087350057EF09 /* egg_benedict.jpg in Resources */,
				2E63EEB21CE087350057EF09 /* ham_and_egg_sandwich.jpg in Resources */,
				2E63EEBA1CE087350057EF09 /* vegetable_curry.jpg in Resources */,
				2E63EEAF1CE087350057EF09 /* full_breakfast.jpg in Resources */,
				2E63EEAD1CE087350057EF09 /* creme_brelee.jpg in Resources */,
				2E63EEBB1CE087350057EF09 /* white_chocolate_donut.jpg in Resources */,
				2E63EEB61CE087350057EF09 /* mushroom_risotto.jpg in Resources */,
				2E0AFA211CDB075F00B7973B /* Assets.xcassets in Resources */,
				2E63EEB51CE087350057EF09 /* japanese_noodle_with_pork.jpg in Resources */,
				2E0AFA1F1CDB075F00B7973B /* Main.storyboard in Resources */,
				2E63EEBD1CE08B8B0057EF09 /* photo-frame.png in Resources */,
				2E63EEB91CE087350057EF09 /* thai_shrimp_cake.jpg in Resources */,
				2E63EEB31CE087350057EF09 /* hamburger.jpg in Resources */,
			);
			runOnlyForDeploymentPostprocessing = 0;
		};
		2E0AFA281CDB076000B7973B /* Resources */ = {
			isa = PBXResourcesBuildPhase;
			buildActionMask = 2147483647;
			files = (
			);
			runOnlyForDeploymentPostprocessing = 0;
		};
/* End PBXResourcesBuildPhase section */

/* Begin PBXSourcesBuildPhase section */
		2E0AFA0D1CDB075E00B7973B /* Sources */ = {
			isa = PBXSourcesBuildPhase;
			buildActionMask = 2147483647;
			files = (
				2E63EEC11CE090090057EF09 /* RecipeCollectionViewCell.m in Sources */,
				2E63EE791CE07BC90057EF09 /* RecipeCollectionViewController.m in Sources */,
				2E0AFA191CDB075F00B7973B /* AppDelegate.m in Sources */,
				2E0AFA161CDB075F00B7973B /* main.m in Sources */,
				2E63EEC61CE180440057EF09 /* RecipeDetailViewController.m in Sources */,
			);
			runOnlyForDeploymentPostprocessing = 0;
		};
		2E0AFA261CDB076000B7973B /* Sources */ = {
			isa = PBXSourcesBuildPhase;
			buildActionMask = 2147483647;
			files = (
				2E0AFA2F1CDB076000B7973B /* CollectionViewTestTests.m in Sources */,
			);
			runOnlyForDeploymentPostprocessing = 0;
		};
/* End PBXSourcesBuildPhase section */

/* Begin PBXTargetDependency section */
		2E0AFA2C1CDB076000B7973B /* PBXTargetDependency */ = {
			isa = PBXTargetDependency;
			target = 2E0AFA101CDB075E00B7973B /* CollectionViewTest */;
			targetProxy = 2E0AFA2B1CDB076000B7973B /* PBXContainerItemProxy */;
		};
/* End PBXTargetDependency section */

/* Begin PBXVariantGroup section */
		2E0AFA1D1CDB075F00B7973B /* Main.storyboard */ = {
			isa = PBXVariantGroup;
			children = (
				2E0AFA1E1CDB075F00B7973B /* Base */,
			);
			name = Main.storyboard;
			sourceTree = "<group>";
		};
		2E0AFA221CDB075F00B7973B /* LaunchScreen.storyboard */ = {
			isa = PBXVariantGroup;
			children = (
				2E0AFA231CDB075F00B7973B /* Base */,
			);
			name = LaunchScreen.storyboard;
			sourceTree = "<group>";
		};
/* End PBXVariantGroup section */

/* Begin XCBuildConfiguration section */
		2E0AFA311CDB076000B7973B /* Debug */ = {
			isa = XCBuildConfiguration;
			buildSettings = {
				ALWAYS_SEARCH_USER_PATHS = NO;
				CLANG_CXX_LANGUAGE_STANDARD = "gnu++0x";
				CLANG_CXX_LIBRARY = "libc++";
				CLANG_ENABLE_MODULES = YES;
				CLANG_ENABLE_OBJC_ARC = YES;
				CLANG_WARN_BOOL_CONVERSION = YES;
				CLANG_WARN_CONSTANT_CONVERSION = YES;
				CLANG_WARN_DIRECT_OBJC_ISA_USAGE = YES_ERROR;
				CLANG_WARN_EMPTY_BODY = YES;
				CLANG_WARN_ENUM_CONVERSION = YES;
				CLANG_WARN_INT_CONVERSION = YES;
				CLANG_WARN_OBJC_ROOT_CLASS = YES_ERROR;
				CLANG_WARN_UNREACHABLE_CODE = YES;
				CLANG_WARN__DUPLICATE_METHOD_MATCH = YES;
				"CODE_SIGN_IDENTITY[sdk=iphoneos*]" = "iPhone Developer";
				COPY_PHASE_STRIP = NO;
				DEBUG_INFORMATION_FORMAT = dwarf;
				ENABLE_STRICT_OBJC_MSGSEND = YES;
				ENABLE_TESTABILITY = YES;
				GCC_C_LANGUAGE_STANDARD = gnu99;
				GCC_DYNAMIC_NO_PIC = NO;
				GCC_NO_COMMON_BLOCKS = YES;
				GCC_OPTIMIZATION_LEVEL = 0;
				GCC_PREPROCESSOR_DEFINITIONS = (
					"DEBUG=1",
					"$(inherited)",
				);
				GCC_WARN_64_TO_32_BIT_CONVERSION = YES;
				GCC_WARN_ABOUT_RETURN_TYPE = YES_ERROR;
				GCC_WARN_UNDECLARED_SELECTOR = YES;
				GCC_WARN_UNINITIALIZED_AUTOS = YES_AGGRESSIVE;
				GCC_WARN_UNUSED_FUNCTION = YES;
				GCC_WARN_UNUSED_VARIABLE = YES;
				IPHONEOS_DEPLOYMENT_TARGET = 9.2;
				MTL_ENABLE_DEBUG_INFO = YES;
				ONLY_ACTIVE_ARCH = YES;
				SDKROOT = iphoneos;
			};
			name = Debug;
		};
		2E0AFA321CDB076000B7973B /* Release */ = {
			isa = XCBuildConfiguration;
			buildSettings = {
				ALWAYS_SEARCH_USER_PATHS = NO;
				CLANG_CXX_LANGUAGE_STANDARD = "gnu++0x";
				CLANG_CXX_LIBRARY = "libc++";
				CLANG_ENABLE_MODULES = YES;
				CLANG_ENABLE_OBJC_ARC = YES;
				CLANG_WARN_BOOL_CONVERSION = YES;
				CLANG_WARN_CONSTANT_CONVERSION = YES;
				CLANG_WARN_DIRECT_OBJC_ISA_USAGE = YES_ERROR;
				CLANG_WARN_EMPTY_BODY = YES;
				CLANG_WARN_ENUM_CONVERSION = YES;
				CLANG_WARN_INT_CONVERSION = YES;
				CLANG_WARN_OBJC_ROOT_CLASS = YES_ERROR;
				CLANG_WARN_UNREACHABLE_CODE = YES;
				CLANG_WARN__DUPLICATE_METHOD_MATCH = YES;
				"CODE_SIGN_IDENTITY[sdk=iphoneos*]" = "iPhone Developer";
				COPY_PHASE_STRIP = NO;
				DEBUG_INFORMATION_FORMAT = "dwarf-with-dsym";
				ENABLE_NS_ASSERTIONS = NO;
				ENABLE_STRICT_OBJC_MSGSEND = YES;
				GCC_C_LANGUAGE_STANDARD = gnu99;
				GCC_NO_COMMON_BLOCKS = YES;
				GCC_WARN_64_TO_32_BIT_CONVERSION = YES;
				GCC_WARN_ABOUT_RETURN_TYPE = YES_ERROR;
				GCC_WARN_UNDECLARED_SELECTOR = YES;
				GCC_WARN_UNINITIALIZED_AUTOS = YES_AGGRESSIVE;
				GCC_WARN_UNUSED_FUNCTION = YES;
				GCC_WARN_UNUSED_VARIABLE = YES;
				IPHONEOS_DEPLOYMENT_TARGET = 9.2;
				MTL_ENABLE_DEBUG_INFO = NO;
				SDKROOT = iphoneos;
				VALIDATE_PRODUCT = YES;
			};
			name = Release;
		};
		2E0AFA341CDB076000B7973B /* Debug */ = {
			isa = XCBuildConfiguration;
			buildSettings = {
				ASSETCATALOG_COMPILER_APPICON_NAME = AppIcon;
				INFOPLIST_FILE = CollectionViewTest/Info.plist;
				LD_RUNPATH_SEARCH_PATHS = "$(inherited) @executable_path/Frameworks";
				PRODUCT_BUNDLE_IDENTIFIER = com.example.CollectionViewTest;
				PRODUCT_NAME = "$(TARGET_NAME)";
			};
			name = Debug;
		};
		2E0AFA351CDB076000B7973B /* Release */ = {
			isa = XCBuildConfiguration;
			buildSettings = {
				ASSETCATALOG_COMPILER_APPICON_NAME = AppIcon;
				INFOPLIST_FILE = CollectionViewTest/Info.plist;
				LD_RUNPATH_SEARCH_PATHS = "$(inherited) @executable_path/Frameworks";
				PRODUCT_BUNDLE_IDENTIFIER = com.example.CollectionViewTest;
				PRODUCT_NAME = "$(TARGET_NAME)";
			};
			name = Release;
		};
		2E0AFA371CDB076000B7973B /* Debug */ = {
			isa = XCBuildConfiguration;
			buildSettings = {
				BUNDLE_LOADER = "$(TEST_HOST)";
				INFOPLIST_FILE = CollectionViewTestTests/Info.plist;
				LD_RUNPATH_SEARCH_PATHS = "$(inherited) @executable_path/Frameworks @loader_path/Frameworks";
				PRODUCT_BUNDLE_IDENTIFIER = com.example.CollectionViewTestTests;
				PRODUCT_NAME = "$(TARGET_NAME)";
				TEST_HOST = "$(BUILT_PRODUCTS_DIR)/CollectionViewTest.app/CollectionViewTest";
			};
			name = Debug;
		};
		2E0AFA381CDB076000B7973B /* Release */ = {
			isa = XCBuildConfiguration;
			buildSettings = {
				BUNDLE_LOADER = "$(TEST_HOST)";
				INFOPLIST_FILE = CollectionViewTestTests/Info.plist;
				LD_RUNPATH_SEARCH_PATHS = "$(inherited) @executable_path/Frameworks @loader_path/Frameworks";
				PRODUCT_BUNDLE_IDENTIFIER = com.example.CollectionViewTestTests;
				PRODUCT_NAME = "$(TARGET_NAME)";
				TEST_HOST = "$(BUILT_PRODUCTS_DIR)/CollectionViewTest.app/CollectionViewTest";
			};
			name = Release;
		};
/* End XCBuildConfiguration section */

/* Begin XCConfigurationList section */
		2E0AFA0C1CDB075E00B7973B /* Build configuration list for PBXProject "CollectionViewTest" */ = {
			isa = XCConfigurationList;
			buildConfigurations = (
				2E0AFA311CDB076000B7973B /* Debug */,
				2E0AFA321CDB076000B7973B /* Release */,
			);
			defaultConfigurationIsVisible = 0;
			defaultConfigurationName = Release;
		};
		2E0AFA331CDB076000B7973B /* Build configuration list for PBXNativeTarget "CollectionViewTest" */ = {
			isa = XCConfigurationList;
			buildConfigurations = (
				2E0AFA341CDB076000B7973B /* Debug */,
				2E0AFA351CDB076000B7973B /* Release */,
			);
			defaultConfigurationIsVisible = 0;
			defaultConfigurationName = Release;
		};
		2E0AFA361CDB076000B7973B /* Build configuration list for PBXNativeTarget "CollectionViewTestTests" */ = {
			isa = XCConfigurationList;
			buildConfigurations = (
				2E0AFA371CDB076000B7973B /* Debug */,
				2E0AFA381CDB076000B7973B /* Release */,
			);
			defaultConfigurationIsVisible = 0;
			defaultConfigurationName = Release;
		};
/* End XCConfigurationList section */
	};
	rootObject = 2E0AFA091CDB075E00B7973B /* Project object */;
}
